
Microsoft Visual Studio Solution File, Format Version 12.00
# Visual Studio Version 17
VisualStudioVersion = 17.2.32505.173
MinimumVisualStudioVersion = 10.0.40219.1
Project("{FAE04EC0-301F-11D3-BF4B-00C04F79EFBC}") = "FindMaxNumUsingGeneric_Day13Assignment", "FindMaxNumUsingGeneric_Day13Assignment.csproj", "{474E0C60-B844-4616-9A03-92FD9DFB8012}"
EndProject
Global
	GlobalSection(SolutionConfigurationPlatforms) = preSolution
		Debug|Any CPU = Debug|Any CPU
		Release|Any CPU = Release|Any CPU
	EndGlobalSection
	GlobalSection(ProjectConfigurationPlatforms) = postSolution
		{474E0C60-B844-4616-9A03-92FD9DFB8012}.Debug|Any CPU.ActiveCfg = Debug|Any CPU
		{474E0C60-B844-4616-9A03-92FD9DFB8012}.Debug|Any CPU.Build.0 = Debug|Any CPU
		{474E0C60-B844-4616-9A03-92FD9DFB8012}.Release|Any CPU.ActiveCfg = Release|Any CPU
		{474E0C60-B844-4616-9A03-92FD9DFB8012}.Release|Any CPU.Build.0 = Release|Any CPU
	EndGlobalSection
	GlobalSection(SolutionProperties) = preSolution
		HideSolutionNode = FALSE
	EndGlobalSection
	GlobalSection(ExtensibilityGlobals) = postSolution
		SolutionGuid = {60C62EC2-1B50-4A28-9440-230160C58A9E}
	EndGlobalSection
EndGlobal
